
Microsoft Visual Studio Solution File, Format Version 12.00
# Visual Studio Version 17
VisualStudioVersion = 17.13.35605.110
MinimumVisualStudioVersion = 10.0.40219.1
Project("{FAE04EC0-301F-11D3-BF4B-00C04F79EFBC}") = "CalculatorApp", "CalculatorApp\CalculatorApp.csproj", "{40ACAB37-098C-4096-B0EC-AA97504B9F4A}"
EndProject
Project("{FAE04EC0-301F-11D3-BF4B-00C04F79EFBC}") = "TestCalculatorApp", "TestCalculatorApp\TestCalculatorApp.csproj", "{F6B53C4B-2C86-4C80-AB2E-0DF5268EFB62}"
EndProject
Project("{2150E333-8FDC-42A3-9474-1A3956D46DE8}") = "Solution Items", "Solution Items", "{82AC4EA9-D1A1-4D9D-B747-891000A05D8F}"
	ProjectSection(SolutionItems) = preProject
		.gitignore = .gitignore
	EndProjectSection
EndProject
Global
	GlobalSection(SolutionConfigurationPlatforms) = preSolution
		Debug|Any CPU = Debug|Any CPU
		Release|Any CPU = Release|Any CPU
	EndGlobalSection
	GlobalSection(ProjectConfigurationPlatforms) = postSolution
		{40ACAB37-098C-4096-B0EC-AA97504B9F4A}.Debug|Any CPU.ActiveCfg = Debug|Any CPU
		{40ACAB37-098C-4096-B0EC-AA97504B9F4A}.Debug|Any CPU.Build.0 = Debug|Any CPU
		{40ACAB37-098C-4096-B0EC-AA97504B9F4A}.Release|Any CPU.ActiveCfg = Release|Any CPU
		{40ACAB37-098C-4096-B0EC-AA97504B9F4A}.Release|Any CPU.Build.0 = Release|Any CPU
		{F6B53C4B-2C86-4C80-AB2E-0DF5268EFB62}.Debug|Any CPU.ActiveCfg = Debug|Any CPU
		{F6B53C4B-2C86-4C80-AB2E-0DF5268EFB62}.Debug|Any CPU.Build.0 = Debug|Any CPU
		{F6B53C4B-2C86-4C80-AB2E-0DF5268EFB62}.Release|Any CPU.ActiveCfg = Release|Any CPU
		{F6B53C4B-2C86-4C80-AB2E-0DF5268EFB62}.Release|Any CPU.Build.0 = Release|Any CPU
	EndGlobalSection
	GlobalSection(SolutionProperties) = preSolution
		HideSolutionNode = FALSE
	EndGlobalSection
	GlobalSection(ExtensibilityGlobals) = postSolution
		SolutionGuid = {FB26B535-71DC-413F-8161-6589641A8ACD}
	EndGlobalSection
EndGlobal
